<?xml version="1.0" encoding="UTF-8"?>
<CodeBlocks_project_file>
	<FileVersion major="1" minor="6"/>
	<Project>
		<Option title="CoopShooter"/>
		<Option makefile_is_custom="1"/>
		<Option compiler="gcc"/>
		<Option virtualFolders="CMake Files\;CMake Files\cmake_modules\;"/>
		<Build>
			<Target title="all">
				<Option working_dir="/home/capi1500/Documents/projekty/CoopShooter"/>
				<Option type="4"/>
				<MakeCommands>
					<Build command="/usr/bin/make -j8 -f &quot;/home/capi1500/Documents/projekty/CoopShooter/Makefile&quot;  VERBOSE=1 all"/>
					<CompileFile command="/usr/bin/make -j8 -f &quot;/home/capi1500/Documents/projekty/CoopShooter/Makefile&quot;  VERBOSE=1 &quot;$file&quot;"/>
					<Clean command="/usr/bin/make -j8 -f &quot;/home/capi1500/Documents/projekty/CoopShooter/Makefile&quot;  VERBOSE=1 clean"/>
					<DistClean command="/usr/bin/make -j8 -f &quot;/home/capi1500/Documents/projekty/CoopShooter/Makefile&quot;  VERBOSE=1 clean"/>
				</MakeCommands>
			</Target>
			<Target title="install/strip">
				<Option working_dir="/home/capi1500/Documents/projekty/CoopShooter"/>
				<Option type="4"/>
				<MakeCommands>
					<Build command="/usr/bin/make -j8 -f &quot;/home/capi1500/Documents/projekty/CoopShooter/Makefile&quot;  VERBOSE=1 install/strip"/>
					<CompileFile command="/usr/bin/make -j8 -f &quot;/home/capi1500/Documents/projekty/CoopShooter/Makefile&quot;  VERBOSE=1 &quot;$file&quot;"/>
					<Clean command="/usr/bin/make -j8 -f &quot;/home/capi1500/Documents/projekty/CoopShooter/Makefile&quot;  VERBOSE=1 clean"/>
					<DistClean command="/usr/bin/make -j8 -f &quot;/home/capi1500/Documents/projekty/CoopShooter/Makefile&quot;  VERBOSE=1 clean"/>
				</MakeCommands>
			</Target>
			<Target title="install/local">
				<Option working_dir="/home/capi1500/Documents/projekty/CoopShooter"/>
				<Option type="4"/>
				<MakeCommands>
					<Build command="/usr/bin/make -j8 -f &quot;/home/capi1500/Documents/projekty/CoopShooter/Makefile&quot;  VERBOSE=1 install/local"/>
					<CompileFile command="/usr/bin/make -j8 -f &quot;/home/capi1500/Documents/projekty/CoopShooter/Makefile&quot;  VERBOSE=1 &quot;$file&quot;"/>
					<Clean command="/usr/bin/make -j8 -f &quot;/home/capi1500/Documents/projekty/CoopShooter/Makefile&quot;  VERBOSE=1 clean"/>
					<DistClean command="/usr/bin/make -j8 -f &quot;/home/capi1500/Documents/projekty/CoopShooter/Makefile&quot;  VERBOSE=1 clean"/>
				</MakeCommands>
			</Target>
			<Target title="install">
				<Option working_dir="/home/capi1500/Documents/projekty/CoopShooter"/>
				<Option type="4"/>
				<MakeCommands>
					<Build command="/usr/bin/make -j8 -f &quot;/home/capi1500/Documents/projekty/CoopShooter/Makefile&quot;  VERBOSE=1 install"/>
					<CompileFile command="/usr/bin/make -j8 -f &quot;/home/capi1500/Documents/projekty/CoopShooter/Makefile&quot;  VERBOSE=1 &quot;$file&quot;"/>
					<Clean command="/usr/bin/make -j8 -f &quot;/home/capi1500/Documents/projekty/CoopShooter/Makefile&quot;  VERBOSE=1 clean"/>
					<DistClean command="/usr/bin/make -j8 -f &quot;/home/capi1500/Documents/projekty/CoopShooter/Makefile&quot;  VERBOSE=1 clean"/>
				</MakeCommands>
			</Target>
			<Target title="list_install_components">
				<Option working_dir="/home/capi1500/Documents/projekty/CoopShooter"/>
				<Option type="4"/>
				<MakeCommands>
					<Build command="/usr/bin/make -j8 -f &quot;/home/capi1500/Documents/projekty/CoopShooter/Makefile&quot;  VERBOSE=1 list_install_components"/>
					<CompileFile command="/usr/bin/make -j8 -f &quot;/home/capi1500/Documents/projekty/CoopShooter/Makefile&quot;  VERBOSE=1 &quot;$file&quot;"/>
					<Clean command="/usr/bin/make -j8 -f &quot;/home/capi1500/Documents/projekty/CoopShooter/Makefile&quot;  VERBOSE=1 clean"/>
					<DistClean command="/usr/bin/make -j8 -f &quot;/home/capi1500/Documents/projekty/CoopShooter/Makefile&quot;  VERBOSE=1 clean"/>
				</MakeCommands>
			</Target>
			<Target title="rebuild_cache">
				<Option working_dir="/home/capi1500/Documents/projekty/CoopShooter"/>
				<Option type="4"/>
				<MakeCommands>
					<Build command="/usr/bin/make -j8 -f &quot;/home/capi1500/Documents/projekty/CoopShooter/Makefile&quot;  VERBOSE=1 rebuild_cache"/>
					<CompileFile command="/usr/bin/make -j8 -f &quot;/home/capi1500/Documents/projekty/CoopShooter/Makefile&quot;  VERBOSE=1 &quot;$file&quot;"/>
					<Clean command="/usr/bin/make -j8 -f &quot;/home/capi1500/Documents/projekty/CoopShooter/Makefile&quot;  VERBOSE=1 clean"/>
					<DistClean command="/usr/bin/make -j8 -f &quot;/home/capi1500/Documents/projekty/CoopShooter/Makefile&quot;  VERBOSE=1 clean"/>
				</MakeCommands>
			</Target>
			<Target title="package">
				<Option working_dir="/home/capi1500/Documents/projekty/CoopShooter"/>
				<Option type="4"/>
				<MakeCommands>
					<Build command="/usr/bin/make -j8 -f &quot;/home/capi1500/Documents/projekty/CoopShooter/Makefile&quot;  VERBOSE=1 package"/>
					<CompileFile command="/usr/bin/make -j8 -f &quot;/home/capi1500/Documents/projekty/CoopShooter/Makefile&quot;  VERBOSE=1 &quot;$file&quot;"/>
					<Clean command="/usr/bin/make -j8 -f &quot;/home/capi1500/Documents/projekty/CoopShooter/Makefile&quot;  VERBOSE=1 clean"/>
					<DistClean command="/usr/bin/make -j8 -f &quot;/home/capi1500/Documents/projekty/CoopShooter/Makefile&quot;  VERBOSE=1 clean"/>
				</MakeCommands>
			</Target>
			<Target title="CoopShooter">
				<Option output="/home/capi1500/Documents/projekty/CoopShooter/CoopShooter" prefix_auto="0" extension_auto="0"/>
				<Option working_dir="/home/capi1500/Documents/projekty/CoopShooter"/>
				<Option object_output="./"/>
				<Option type="1"/>
				<Option compiler="gcc"/>
				<Compiler>
					<Add directory="/home/capi1500/Documents/projekty/CoopShooter"/>
					<Add directory="/home/capi1500/Documents/projekty/CoopShooter/src"/>
					<Add directory="/usr/include/c++/7"/>
					<Add directory="/usr/include/x86_64-linux-gnu/c++/7"/>
					<Add directory="/usr/include/c++/7/backward"/>
					<Add directory="/usr/lib/gcc/x86_64-linux-gnu/7/include"/>
					<Add directory="/usr/local/include"/>
					<Add directory="/usr/lib/gcc/x86_64-linux-gnu/7/include-fixed"/>
					<Add directory="/usr/include/x86_64-linux-gnu"/>
					<Add directory="/usr/include"/>
				</Compiler>
				<MakeCommands>
					<Build command="/usr/bin/make -j8 -f &quot;/home/capi1500/Documents/projekty/CoopShooter/Makefile&quot;  VERBOSE=1 CoopShooter"/>
					<CompileFile command="/usr/bin/make -j8 -f &quot;/home/capi1500/Documents/projekty/CoopShooter/Makefile&quot;  VERBOSE=1 &quot;$file&quot;"/>
					<Clean command="/usr/bin/make -j8 -f &quot;/home/capi1500/Documents/projekty/CoopShooter/Makefile&quot;  VERBOSE=1 clean"/>
					<DistClean command="/usr/bin/make -j8 -f &quot;/home/capi1500/Documents/projekty/CoopShooter/Makefile&quot;  VERBOSE=1 clean"/>
				</MakeCommands>
			</Target>
			<Target title="CoopShooter/fast">
				<Option output="/home/capi1500/Documents/projekty/CoopShooter/CoopShooter" prefix_auto="0" extension_auto="0"/>
				<Option working_dir="/home/capi1500/Documents/projekty/CoopShooter"/>
				<Option object_output="./"/>
				<Option type="1"/>
				<Option compiler="gcc"/>
				<Compiler>
					<Add directory="/home/capi1500/Documents/projekty/CoopShooter"/>
					<Add directory="/home/capi1500/Documents/projekty/CoopShooter/src"/>
					<Add directory="/usr/include/c++/7"/>
					<Add directory="/usr/include/x86_64-linux-gnu/c++/7"/>
					<Add directory="/usr/include/c++/7/backward"/>
					<Add directory="/usr/lib/gcc/x86_64-linux-gnu/7/include"/>
					<Add directory="/usr/local/include"/>
					<Add directory="/usr/lib/gcc/x86_64-linux-gnu/7/include-fixed"/>
					<Add directory="/usr/include/x86_64-linux-gnu"/>
					<Add directory="/usr/include"/>
				</Compiler>
				<MakeCommands>
					<Build command="/usr/bin/make -j8 -f &quot;/home/capi1500/Documents/projekty/CoopShooter/Makefile&quot;  VERBOSE=1 CoopShooter/fast"/>
					<CompileFile command="/usr/bin/make -j8 -f &quot;/home/capi1500/Documents/projekty/CoopShooter/Makefile&quot;  VERBOSE=1 &quot;$file&quot;"/>
					<Clean command="/usr/bin/make -j8 -f &quot;/home/capi1500/Documents/projekty/CoopShooter/Makefile&quot;  VERBOSE=1 clean"/>
					<DistClean command="/usr/bin/make -j8 -f &quot;/home/capi1500/Documents/projekty/CoopShooter/Makefile&quot;  VERBOSE=1 clean"/>
				</MakeCommands>
			</Target>
			<Target title="package_source">
				<Option working_dir="/home/capi1500/Documents/projekty/CoopShooter"/>
				<Option type="4"/>
				<MakeCommands>
					<Build command="/usr/bin/make -j8 -f &quot;/home/capi1500/Documents/projekty/CoopShooter/Makefile&quot;  VERBOSE=1 package_source"/>
					<CompileFile command="/usr/bin/make -j8 -f &quot;/home/capi1500/Documents/projekty/CoopShooter/Makefile&quot;  VERBOSE=1 &quot;$file&quot;"/>
					<Clean command="/usr/bin/make -j8 -f &quot;/home/capi1500/Documents/projekty/CoopShooter/Makefile&quot;  VERBOSE=1 clean"/>
					<DistClean command="/usr/bin/make -j8 -f &quot;/home/capi1500/Documents/projekty/CoopShooter/Makefile&quot;  VERBOSE=1 clean"/>
				</MakeCommands>
			</Target>
			<Target title="edit_cache">
				<Option working_dir="/home/capi1500/Documents/projekty/CoopShooter"/>
				<Option type="4"/>
				<MakeCommands>
					<Build command="/usr/bin/make -j8 -f &quot;/home/capi1500/Documents/projekty/CoopShooter/Makefile&quot;  VERBOSE=1 edit_cache"/>
					<CompileFile command="/usr/bin/make -j8 -f &quot;/home/capi1500/Documents/projekty/CoopShooter/Makefile&quot;  VERBOSE=1 &quot;$file&quot;"/>
					<Clean command="/usr/bin/make -j8 -f &quot;/home/capi1500/Documents/projekty/CoopShooter/Makefile&quot;  VERBOSE=1 clean"/>
					<DistClean command="/usr/bin/make -j8 -f &quot;/home/capi1500/Documents/projekty/CoopShooter/Makefile&quot;  VERBOSE=1 clean"/>
				</MakeCommands>
			</Target>
		</Build>
		<Unit filename="/home/capi1500/Documents/projekty/CoopShooter/main.cpp">
			<Option target="CoopShooter"/>
		</Unit>
		<Unit filename="/home/capi1500/Documents/projekty/CoopShooter/src/Bullet/bullet.cpp">
			<Option target="CoopShooter"/>
		</Unit>
		<Unit filename="/home/capi1500/Documents/projekty/CoopShooter/src/Bullet/bullet.hpp">
			<Option target="CoopShooter"/>
		</Unit>
		<Unit filename="/home/capi1500/Documents/projekty/CoopShooter/src/ContactListener/contactListener.cpp">
			<Option target="CoopShooter"/>
		</Unit>
		<Unit filename="/home/capi1500/Documents/projekty/CoopShooter/src/ContactListener/contactListener.hpp">
			<Option target="CoopShooter"/>
		</Unit>
		<Unit filename="/home/capi1500/Documents/projekty/CoopShooter/src/Entity/entity.cpp">
			<Option target="CoopShooter"/>
		</Unit>
		<Unit filename="/home/capi1500/Documents/projekty/CoopShooter/src/Entity/entity.hpp">
			<Option target="CoopShooter"/>
		</Unit>
		<Unit filename="/home/capi1500/Documents/projekty/CoopShooter/src/Enum/enum.hpp">
			<Option target="CoopShooter"/>
		</Unit>
		<Unit filename="/home/capi1500/Documents/projekty/CoopShooter/src/Equipment/equipment.cpp">
			<Option target="CoopShooter"/>
		</Unit>
		<Unit filename="/home/capi1500/Documents/projekty/CoopShooter/src/Equipment/equipment.hpp">
			<Option target="CoopShooter"/>
		</Unit>
		<Unit filename="/home/capi1500/Documents/projekty/CoopShooter/src/Event/event.cpp">
			<Option target="CoopShooter"/>
		</Unit>
		<Unit filename="/home/capi1500/Documents/projekty/CoopShooter/src/Event/event.hpp">
			<Option target="CoopShooter"/>
		</Unit>
		<Unit filename="/home/capi1500/Documents/projekty/CoopShooter/src/EventManager/eventManager.cpp">
			<Option target="CoopShooter"/>
		</Unit>
		<Unit filename="/home/capi1500/Documents/projekty/CoopShooter/src/EventManager/eventManager.hpp">
			<Option target="CoopShooter"/>
		</Unit>
		<Unit filename="/home/capi1500/Documents/projekty/CoopShooter/src/Game/game.cpp">
			<Option target="CoopShooter"/>
		</Unit>
		<Unit filename="/home/capi1500/Documents/projekty/CoopShooter/src/Game/game.hpp">
			<Option target="CoopShooter"/>
		</Unit>
		<Unit filename="/home/capi1500/Documents/projekty/CoopShooter/src/Item/item.cpp">
			<Option target="CoopShooter"/>
		</Unit>
		<Unit filename="/home/capi1500/Documents/projekty/CoopShooter/src/Item/item.hpp">
			<Option target="CoopShooter"/>
		</Unit>
		<Unit filename="/home/capi1500/Documents/projekty/CoopShooter/src/ItemManager/itemManager.cpp">
			<Option target="CoopShooter"/>
		</Unit>
		<Unit filename="/home/capi1500/Documents/projekty/CoopShooter/src/ItemManager/itemManager.hpp">
			<Option target="CoopShooter"/>
		</Unit>
		<Unit filename="/home/capi1500/Documents/projekty/CoopShooter/src/Loader/loader.cpp">
			<Option target="CoopShooter"/>
		</Unit>
		<Unit filename="/home/capi1500/Documents/projekty/CoopShooter/src/Loader/loader.hpp">
			<Option target="CoopShooter"/>
		</Unit>
		<Unit filename="/home/capi1500/Documents/projekty/CoopShooter/src/Object/object.cpp">
			<Option target="CoopShooter"/>
		</Unit>
		<Unit filename="/home/capi1500/Documents/projekty/CoopShooter/src/Object/object.hpp">
			<Option target="CoopShooter"/>
		</Unit>
		<Unit filename="/home/capi1500/Documents/projekty/CoopShooter/src/PhysicObject/physicObject.cpp">
			<Option target="CoopShooter"/>
		</Unit>
		<Unit filename="/home/capi1500/Documents/projekty/CoopShooter/src/PhysicObject/physicObject.hpp">
			<Option target="CoopShooter"/>
		</Unit>
		<Unit filename="/home/capi1500/Documents/projekty/CoopShooter/src/Player/player.cpp">
			<Option target="CoopShooter"/>
		</Unit>
		<Unit filename="/home/capi1500/Documents/projekty/CoopShooter/src/Player/player.hpp">
			<Option target="CoopShooter"/>
		</Unit>
		<Unit filename="/home/capi1500/Documents/projekty/CoopShooter/src/Sound/sound.cpp">
			<Option target="CoopShooter"/>
		</Unit>
		<Unit filename="/home/capi1500/Documents/projekty/CoopShooter/src/Sound/sound.hpp">
			<Option target="CoopShooter"/>
		</Unit>
		<Unit filename="/home/capi1500/Documents/projekty/CoopShooter/src/SoundManager/soundManager.cpp">
			<Option target="CoopShooter"/>
		</Unit>
		<Unit filename="/home/capi1500/Documents/projekty/CoopShooter/src/SoundManager/soundManager.hpp">
			<Option target="CoopShooter"/>
		</Unit>
		<Unit filename="/home/capi1500/Documents/projekty/CoopShooter/src/TextureManager/textureManager.cpp">
			<Option target="CoopShooter"/>
		</Unit>
		<Unit filename="/home/capi1500/Documents/projekty/CoopShooter/src/TextureManager/textureManager.hpp">
			<Option target="CoopShooter"/>
		</Unit>
		<Unit filename="/home/capi1500/Documents/projekty/CoopShooter/src/Weapon/weapon.cpp">
			<Option target="CoopShooter"/>
		</Unit>
		<Unit filename="/home/capi1500/Documents/projekty/CoopShooter/src/Weapon/weapon.hpp">
			<Option target="CoopShooter"/>
		</Unit>
		<Unit filename="/home/capi1500/Documents/projekty/CoopShooter/src/World/world.cpp">
			<Option target="CoopShooter"/>
		</Unit>
		<Unit filename="/home/capi1500/Documents/projekty/CoopShooter/src/World/world.hpp">
			<Option target="CoopShooter"/>
		</Unit>
		<Unit filename="/home/capi1500/Documents/projekty/CoopShooter/src/WorldObject/worldObject.cpp">
			<Option target="CoopShooter"/>
		</Unit>
		<Unit filename="/home/capi1500/Documents/projekty/CoopShooter/src/WorldObject/worldObject.hpp">
			<Option target="CoopShooter"/>
		</Unit>
		<Unit filename="/home/capi1500/Documents/projekty/CoopShooter/CMakeLists.txt">
			<Option virtualFolder="CMake Files\"/>
		</Unit>
		<Unit filename="/home/capi1500/Documents/projekty/CoopShooter/config.h.in">
			<Option virtualFolder="CMake Files\"/>
		</Unit>
		<Unit filename="/home/capi1500/Documents/projekty/CoopShooter/cmake_modules/FindSFML.cmake">
			<Option virtualFolder="CMake Files\cmake_modules\"/>
		</Unit>
	</Project>
</CodeBlocks_project_file>
